// !$*UTF8*$!
{
	archiveVersion = 1;
	classes = {
	};
	objectVersion = 46;
	objects = {

/* Begin PBXBuildFile section */
		2121E9A41DC6D0DB0057F4B0 /* UIImage+Resize.swift in Sources */ = {isa = PBXBuildFile; fileRef = 2121E9A31DC6D0DB0057F4B0 /* UIImage+Resize.swift */; };
		2121E9A61DC6F2650057F4B0 /* CustomUIPresentationController.swift in Sources */ = {isa = PBXBuildFile; fileRef = 2121E9A51DC6F2650057F4B0 /* CustomUIPresentationController.swift */; };
		212315951DACC2EE0068F190 /* DataModel.xcdatamodel in Sources */ = {isa = PBXBuildFile; fileRef = 212315941DACC2EE0068F190 /* DataModel.xcdatamodel */; };
		212315971DACC8330068F190 /* NSString+NSFetchRequestResult.swift in Sources */ = {isa = PBXBuildFile; fileRef = 212315961DACC8330068F190 /* NSString+NSFetchRequestResult.swift */; };
		212315991DADD4260068F190 /* NoRestStopsCell.xib in Resources */ = {isa = PBXBuildFile; fileRef = 212315981DADD4260068F190 /* NoRestStopsCell.xib */; };
		2123159B1DADD7A10068F190 /* NoRestStopsCell.swift in Sources */ = {isa = PBXBuildFile; fileRef = 2123159A1DADD7A10068F190 /* NoRestStopsCell.swift */; };
		212315A71DB1C1560068F190 /* NearByViewController.swift in Sources */ = {isa = PBXBuildFile; fileRef = 212315A61DB1C1560068F190 /* NearByViewController.swift */; };
		213391331DE35CC10053A2BD /* DataStore.sqlite in Resources */ = {isa = PBXBuildFile; fileRef = 213391301DE35CC10053A2BD /* DataStore.sqlite */; };
		213391341DE35CC10053A2BD /* DataStore.sqlite-shm in Resources */ = {isa = PBXBuildFile; fileRef = 213391311DE35CC10053A2BD /* DataStore.sqlite-shm */; };
		213391351DE35CC10053A2BD /* DataStore.sqlite-wal in Resources */ = {isa = PBXBuildFile; fileRef = 213391321DE35CC10053A2BD /* DataStore.sqlite-wal */; };
		2133913A1DE45D610053A2BD /* PinViewController.swift in Sources */ = {isa = PBXBuildFile; fileRef = 213391391DE45D610053A2BD /* PinViewController.swift */; };
		2141C5521DA87CAB003DE1EF /* USRestStop+CoreDataClass.swift in Sources */ = {isa = PBXBuildFile; fileRef = 2141C5501DA87CAB003DE1EF /* USRestStop+CoreDataClass.swift */; };
		2141C5531DA87CAB003DE1EF /* USRestStop+CoreDataProperties.swift in Sources */ = {isa = PBXBuildFile; fileRef = 2141C5511DA87CAB003DE1EF /* USRestStop+CoreDataProperties.swift */; };
		216A2BA51DE8A5FA0097DC83 /* PinRestStopAnnotation.swift in Sources */ = {isa = PBXBuildFile; fileRef = 216A2BA41DE8A5FA0097DC83 /* PinRestStopAnnotation.swift */; };
		21852DF01D966B7D00FE2A53 /* HighwayListViewController.swift in Sources */ = {isa = PBXBuildFile; fileRef = 21852DEF1D966B7D00FE2A53 /* HighwayListViewController.swift */; };
		218766481DB3483200DF8E81 /* RestStopListMapViewController.swift in Sources */ = {isa = PBXBuildFile; fileRef = 218766471DB3483200DF8E81 /* RestStopListMapViewController.swift */; };
		2187664C1DB3598C00DF8E81 /* RestStopListChildTableViewController.swift in Sources */ = {isa = PBXBuildFile; fileRef = 2187664B1DB3598C00DF8E81 /* RestStopListChildTableViewController.swift */; };
		21C37AEF1DBC7A3E00203B68 /* BlurredBackgroundView.swift in Sources */ = {isa = PBXBuildFile; fileRef = 21C37AEE1DBC7A3D00203B68 /* BlurredBackgroundView.swift */; };
		21C37AF11DBC8E6200203B68 /* RestStopDetailDisclosureViewController.swift in Sources */ = {isa = PBXBuildFile; fileRef = 21C37AF01DBC8E6200203B68 /* RestStopDetailDisclosureViewController.swift */; };
		21C8E6231D7FD44A007F67E2 /* StateListViewController.swift in Sources */ = {isa = PBXBuildFile; fileRef = 21C8E6221D7FD44A007F67E2 /* StateListViewController.swift */; };
		21C8E6281D7FD44A007F67E2 /* Main.storyboard in Resources */ = {isa = PBXBuildFile; fileRef = 21C8E6261D7FD44A007F67E2 /* Main.storyboard */; };
		21C8E62A1D7FD44A007F67E2 /* Assets.xcassets in Resources */ = {isa = PBXBuildFile; fileRef = 21C8E6291D7FD44A007F67E2 /* Assets.xcassets */; };
		21C8E62D1D7FD44A007F67E2 /* LaunchScreen.storyboard in Resources */ = {isa = PBXBuildFile; fileRef = 21C8E62B1D7FD44A007F67E2 /* LaunchScreen.storyboard */; };
		21C8E6351D80644C007F67E2 /* States.swift in Sources */ = {isa = PBXBuildFile; fileRef = 21C8E6341D80644C007F67E2 /* States.swift */; };
		21C8E63B1D806838007F67E2 /* CellWithImageView.xib in Resources */ = {isa = PBXBuildFile; fileRef = 21C8E63A1D806838007F67E2 /* CellWithImageView.xib */; };
		21C8E63D1D8073A2007F67E2 /* CellWithImageView.swift in Sources */ = {isa = PBXBuildFile; fileRef = 21C8E63C1D8073A2007F67E2 /* CellWithImageView.swift */; };
		21EFCCAB1DCF27D70051D224 /* PresentationAnimator.swift in Sources */ = {isa = PBXBuildFile; fileRef = 21EFCCAA1DCF27D70051D224 /* PresentationAnimator.swift */; };
		21EFCCAD1DD0712D0051D224 /* DismissAnimator.swift in Sources */ = {isa = PBXBuildFile; fileRef = 21EFCCAC1DD0712D0051D224 /* DismissAnimator.swift */; };
		21F6281F1DE29A530033BFCA /* AppDelegate.swift in Sources */ = {isa = PBXBuildFile; fileRef = 21F6281E1DE29A530033BFCA /* AppDelegate.swift */; };
/* End PBXBuildFile section */

/* Begin PBXFileReference section */
		2121E9A31DC6D0DB0057F4B0 /* UIImage+Resize.swift */ = {isa = PBXFileReference; fileEncoding = 4; lastKnownFileType = sourcecode.swift; path = "UIImage+Resize.swift"; sourceTree = "<group>"; };
		2121E9A51DC6F2650057F4B0 /* CustomUIPresentationController.swift */ = {isa = PBXFileReference; fileEncoding = 4; lastKnownFileType = sourcecode.swift; path = CustomUIPresentationController.swift; sourceTree = "<group>"; };
		212315941DACC2EE0068F190 /* DataModel.xcdatamodel */ = {isa = PBXFileReference; lastKnownFileType = wrapper.xcdatamodel; path = DataModel.xcdatamodel; sourceTree = "<group>"; };
		212315961DACC8330068F190 /* NSString+NSFetchRequestResult.swift */ = {isa = PBXFileReference; fileEncoding = 4; lastKnownFileType = sourcecode.swift; path = "NSString+NSFetchRequestResult.swift"; sourceTree = "<group>"; };
		212315981DADD4260068F190 /* NoRestStopsCell.xib */ = {isa = PBXFileReference; fileEncoding = 4; lastKnownFileType = file.xib; path = NoRestStopsCell.xib; sourceTree = "<group>"; };
		2123159A1DADD7A10068F190 /* NoRestStopsCell.swift */ = {isa = PBXFileReference; fileEncoding = 4; lastKnownFileType = sourcecode.swift; path = NoRestStopsCell.swift; sourceTree = "<group>"; };
		212315A61DB1C1560068F190 /* NearByViewController.swift */ = {isa = PBXFileReference; fileEncoding = 4; lastKnownFileType = sourcecode.swift; name = NearByViewController.swift; path = ../NearByViewController.swift; sourceTree = "<group>"; };
		213391301DE35CC10053A2BD /* DataStore.sqlite */ = {isa = PBXFileReference; lastKnownFileType = file; name = DataStore.sqlite; path = DataStores/DataStore.sqlite; sourceTree = SOURCE_ROOT; };
		213391311DE35CC10053A2BD /* DataStore.sqlite-shm */ = {isa = PBXFileReference; lastKnownFileType = file; name = "DataStore.sqlite-shm"; path = "DataStores/DataStore.sqlite-shm"; sourceTree = SOURCE_ROOT; };
		213391321DE35CC10053A2BD /* DataStore.sqlite-wal */ = {isa = PBXFileReference; lastKnownFileType = file; name = "DataStore.sqlite-wal"; path = "DataStores/DataStore.sqlite-wal"; sourceTree = SOURCE_ROOT; };
		213391391DE45D610053A2BD /* PinViewController.swift */ = {isa = PBXFileReference; fileEncoding = 4; lastKnownFileType = sourcecode.swift; path = PinViewController.swift; sourceTree = "<group>"; };
		2141C5501DA87CAB003DE1EF /* USRestStop+CoreDataClass.swift */ = {isa = PBXFileReference; fileEncoding = 4; lastKnownFileType = sourcecode.swift; path = "USRestStop+CoreDataClass.swift"; sourceTree = "<group>"; };
		2141C5511DA87CAB003DE1EF /* USRestStop+CoreDataProperties.swift */ = {isa = PBXFileReference; fileEncoding = 4; lastKnownFileType = sourcecode.swift; path = "USRestStop+CoreDataProperties.swift"; sourceTree = "<group>"; };
		216A2BA41DE8A5FA0097DC83 /* PinRestStopAnnotation.swift */ = {isa = PBXFileReference; fileEncoding = 4; lastKnownFileType = sourcecode.swift; path = PinRestStopAnnotation.swift; sourceTree = "<group>"; };
		21852DEF1D966B7D00FE2A53 /* HighwayListViewController.swift */ = {isa = PBXFileReference; fileEncoding = 4; lastKnownFileType = sourcecode.swift; path = HighwayListViewController.swift; sourceTree = "<group>"; };
		218766471DB3483200DF8E81 /* RestStopListMapViewController.swift */ = {isa = PBXFileReference; fileEncoding = 4; lastKnownFileType = sourcecode.swift; path = RestStopListMapViewController.swift; sourceTree = "<group>"; };
		2187664B1DB3598C00DF8E81 /* RestStopListChildTableViewController.swift */ = {isa = PBXFileReference; fileEncoding = 4; lastKnownFileType = sourcecode.swift; name = RestStopListChildTableViewController.swift; path = ../RestStopListChildTableViewController.swift; sourceTree = "<group>"; };
		21C37AEE1DBC7A3D00203B68 /* BlurredBackgroundView.swift */ = {isa = PBXFileReference; fileEncoding = 4; lastKnownFileType = sourcecode.swift; path = BlurredBackgroundView.swift; sourceTree = "<group>"; };
		21C37AF01DBC8E6200203B68 /* RestStopDetailDisclosureViewController.swift */ = {isa = PBXFileReference; fileEncoding = 4; lastKnownFileType = sourcecode.swift; path = RestStopDetailDisclosureViewController.swift; sourceTree = "<group>"; };
		21C8E61D1D7FD44A007F67E2 /* Roadster.app */ = {isa = PBXFileReference; explicitFileType = wrapper.application; includeInIndex = 0; path = Roadster.app; sourceTree = BUILT_PRODUCTS_DIR; };
		21C8E6221D7FD44A007F67E2 /* StateListViewController.swift */ = {isa = PBXFileReference; lastKnownFileType = sourcecode.swift; path = StateListViewController.swift; sourceTree = "<group>"; };
		21C8E6271D7FD44A007F67E2 /* Base */ = {isa = PBXFileReference; lastKnownFileType = file.storyboard; name = Base; path = Base.lproj/Main.storyboard; sourceTree = "<group>"; };
		21C8E6291D7FD44A007F67E2 /* Assets.xcassets */ = {isa = PBXFileReference; lastKnownFileType = folder.assetcatalog; path = Assets.xcassets; sourceTree = "<group>"; };
		21C8E62C1D7FD44A007F67E2 /* Base */ = {isa = PBXFileReference; lastKnownFileType = file.storyboard; name = Base; path = Base.lproj/LaunchScreen.storyboard; sourceTree = "<group>"; };
		21C8E62E1D7FD44A007F67E2 /* Info.plist */ = {isa = PBXFileReference; lastKnownFileType = text.plist.xml; path = Info.plist; sourceTree = "<group>"; };
		21C8E6341D80644C007F67E2 /* States.swift */ = {isa = PBXFileReference; fileEncoding = 4; lastKnownFileType = sourcecode.swift; path = States.swift; sourceTree = "<group>"; };
		21C8E63A1D806838007F67E2 /* CellWithImageView.xib */ = {isa = PBXFileReference; fileEncoding = 4; lastKnownFileType = file.xib; name = CellWithImageView.xib; path = ../CellWithImageView.xib; sourceTree = "<group>"; };
		21C8E63C1D8073A2007F67E2 /* CellWithImageView.swift */ = {isa = PBXFileReference; fileEncoding = 4; lastKnownFileType = sourcecode.swift; path = CellWithImageView.swift; sourceTree = "<group>"; };
		21EFCCAA1DCF27D70051D224 /* PresentationAnimator.swift */ = {isa = PBXFileReference; fileEncoding = 4; lastKnownFileType = sourcecode.swift; path = PresentationAnimator.swift; sourceTree = "<group>"; };
		21EFCCAC1DD0712D0051D224 /* DismissAnimator.swift */ = {isa = PBXFileReference; fileEncoding = 4; lastKnownFileType = sourcecode.swift; path = DismissAnimator.swift; sourceTree = "<group>"; };
		21F6281E1DE29A530033BFCA /* AppDelegate.swift */ = {isa = PBXFileReference; fileEncoding = 4; lastKnownFileType = sourcecode.swift; path = AppDelegate.swift; sourceTree = "<group>"; };
/* End PBXFileReference section */

/* Begin PBXFrameworksBuildPhase section */
		21C8E61A1D7FD44A007F67E2 /* Frameworks */ = {
			isa = PBXFrameworksBuildPhase;
			buildActionMask = 2147483647;
			files = (
			);
			runOnlyForDeploymentPostprocessing = 0;
		};
/* End PBXFrameworksBuildPhase section */

/* Begin PBXGroup section */
		213391361DE45C850053A2BD /* ViewControllers */ = {
			isa = PBXGroup;
			children = (
				21852DEF1D966B7D00FE2A53 /* HighwayListViewController.swift */,
				212315A61DB1C1560068F190 /* NearByViewController.swift */,
				21C37AF01DBC8E6200203B68 /* RestStopDetailDisclosureViewController.swift */,
				2187664B1DB3598C00DF8E81 /* RestStopListChildTableViewController.swift */,
				218766471DB3483200DF8E81 /* RestStopListMapViewController.swift */,
				21C8E6221D7FD44A007F67E2 /* StateListViewController.swift */,
				213391391DE45D610053A2BD /* PinViewController.swift */,
			);
			name = ViewControllers;
			sourceTree = "<group>";
		};
		213391371DE45CD20053A2BD /* CoreData */ = {
			isa = PBXGroup;
			children = (
				212315941DACC2EE0068F190 /* DataModel.xcdatamodel */,
				213391301DE35CC10053A2BD /* DataStore.sqlite */,
				213391311DE35CC10053A2BD /* DataStore.sqlite-shm */,
				213391321DE35CC10053A2BD /* DataStore.sqlite-wal */,
			);
			name = CoreData;
			sourceTree = "<group>";
		};
		213391381DE45CF60053A2BD /* xib files */ = {
			isa = PBXGroup;
			children = (
				21C8E63A1D806838007F67E2 /* CellWithImageView.xib */,
				212315981DADD4260068F190 /* NoRestStopsCell.xib */,
			);
			name = "xib files";
			sourceTree = "<group>";
		};
		21C8E6141D7FD44A007F67E2 = {
			isa = PBXGroup;
			children = (
				2141C5501DA87CAB003DE1EF /* USRestStop+CoreDataClass.swift */,
				2141C5511DA87CAB003DE1EF /* USRestStop+CoreDataProperties.swift */,
				21C8E61F1D7FD44A007F67E2 /* Roadster */,
				21C8E61E1D7FD44A007F67E2 /* Products */,
			);
			sourceTree = "<group>";
		};
		21C8E61E1D7FD44A007F67E2 /* Products */ = {
			isa = PBXGroup;
			children = (
				21C8E61D1D7FD44A007F67E2 /* Roadster.app */,
			);
			name = Products;
			sourceTree = "<group>";
		};
		21C8E61F1D7FD44A007F67E2 /* Roadster */ = {
			isa = PBXGroup;
			children = (
				21F6281E1DE29A530033BFCA /* AppDelegate.swift */,
				21C8E6291D7FD44A007F67E2 /* Assets.xcassets */,
				21C37AEE1DBC7A3D00203B68 /* BlurredBackgroundView.swift */,
				21C8E63C1D8073A2007F67E2 /* CellWithImageView.swift */,
				213391371DE45CD20053A2BD /* CoreData */,
				2121E9A51DC6F2650057F4B0 /* CustomUIPresentationController.swift */,
				21EFCCAC1DD0712D0051D224 /* DismissAnimator.swift */,
				21C8E62E1D7FD44A007F67E2 /* Info.plist */,
				21C8E62B1D7FD44A007F67E2 /* LaunchScreen.storyboard */,
				21C8E6261D7FD44A007F67E2 /* Main.storyboard */,
				2123159A1DADD7A10068F190 /* NoRestStopsCell.swift */,
				212315961DACC8330068F190 /* NSString+NSFetchRequestResult.swift */,
				216A2BA41DE8A5FA0097DC83 /* PinRestStopAnnotation.swift */,
				21EFCCAA1DCF27D70051D224 /* PresentationAnimator.swift */,
				21C8E6341D80644C007F67E2 /* States.swift */,
				2121E9A31DC6D0DB0057F4B0 /* UIImage+Resize.swift */,
				213391361DE45C850053A2BD /* ViewControllers */,
				213391381DE45CF60053A2BD /* xib files */,
			);
			path = Roadster;
			sourceTree = "<group>";
		};
/* End PBXGroup section */

/* Begin PBXNativeTarget section */
		21C8E61C1D7FD44A007F67E2 /* Roadster */ = {
			isa = PBXNativeTarget;
			buildConfigurationList = 21C8E6311D7FD44A007F67E2 /* Build configuration list for PBXNativeTarget "Roadster" */;
			buildPhases = (
				21C8E6191D7FD44A007F67E2 /* Sources */,
				21C8E61A1D7FD44A007F67E2 /* Frameworks */,
				21C8E61B1D7FD44A007F67E2 /* Resources */,
			);
			buildRules = (
			);
			dependencies = (
			);
			name = Roadster;
			productName = Roadster;
			productReference = 21C8E61D1D7FD44A007F67E2 /* Roadster.app */;
			productType = "com.apple.product-type.application";
		};
/* End PBXNativeTarget section */

/* Begin PBXProject section */
		21C8E6151D7FD44A007F67E2 /* Project object */ = {
			isa = PBXProject;
			attributes = {
				LastSwiftUpdateCheck = 0730;
				LastUpgradeCheck = 0800;
				ORGANIZATIONNAME = "A Ja";
				TargetAttributes = {
					21C8E61C1D7FD44A007F67E2 = {
						CreatedOnToolsVersion = 7.3.1;
						DevelopmentTeam = 6G593VN7SW;
						LastSwiftMigration = 0800;
					};
				};
			};
			buildConfigurationList = 21C8E6181D7FD44A007F67E2 /* Build configuration list for PBXProject "Roadster" */;
			compatibilityVersion = "Xcode 3.2";
			developmentRegion = English;
			hasScannedForEncodings = 0;
			knownRegions = (
				en,
				Base,
			);
			mainGroup = 21C8E6141D7FD44A007F67E2;
			productRefGroup = 21C8E61E1D7FD44A007F67E2 /* Products */;
			projectDirPath = "";
			projectRoot = "";
			targets = (
				21C8E61C1D7FD44A007F67E2 /* Roadster */,
			);
		};
/* End PBXProject section */

/* Begin PBXResourcesBuildPhase section */
		21C8E61B1D7FD44A007F67E2 /* Resources */ = {
			isa = PBXResourcesBuildPhase;
			buildActionMask = 2147483647;
			files = (
				212315991DADD4260068F190 /* NoRestStopsCell.xib in Resources */,
				21C8E63B1D806838007F67E2 /* CellWithImageView.xib in Resources */,
				213391341DE35CC10053A2BD /* DataStore.sqlite-shm in Resources */,
				21C8E62D1D7FD44A007F67E2 /* LaunchScreen.storyboard in Resources */,
				213391351DE35CC10053A2BD /* DataStore.sqlite-wal in Resources */,
				213391331DE35CC10053A2BD /* DataStore.sqlite in Resources */,
				21C8E62A1D7FD44A007F67E2 /* Assets.xcassets in Resources */,
				21C8E6281D7FD44A007F67E2 /* Main.storyboard in Resources */,
			);
			runOnlyForDeploymentPostprocessing = 0;
		};
/* End PBXResourcesBuildPhase section */

/* Begin PBXSourcesBuildPhase section */
		21C8E6191D7FD44A007F67E2 /* Sources */ = {
			isa = PBXSourcesBuildPhase;
			buildActionMask = 2147483647;
			files = (
				21C37AF11DBC8E6200203B68 /* RestStopDetailDisclosureViewController.swift in Sources */,
				2123159B1DADD7A10068F190 /* NoRestStopsCell.swift in Sources */,
				21F6281F1DE29A530033BFCA /* AppDelegate.swift in Sources */,
				21C37AEF1DBC7A3E00203B68 /* BlurredBackgroundView.swift in Sources */,
				21C8E6351D80644C007F67E2 /* States.swift in Sources */,
				2141C5531DA87CAB003DE1EF /* USRestStop+CoreDataProperties.swift in Sources */,
				2187664C1DB3598C00DF8E81 /* RestStopListChildTableViewController.swift in Sources */,
				212315951DACC2EE0068F190 /* DataModel.xcdatamodel in Sources */,
				2133913A1DE45D610053A2BD /* PinViewController.swift in Sources */,
				2121E9A61DC6F2650057F4B0 /* CustomUIPresentationController.swift in Sources */,
				212315A71DB1C1560068F190 /* NearByViewController.swift in Sources */,
				218766481DB3483200DF8E81 /* RestStopListMapViewController.swift in Sources */,
				212315971DACC8330068F190 /* NSString+NSFetchRequestResult.swift in Sources */,
				2141C5521DA87CAB003DE1EF /* USRestStop+CoreDataClass.swift in Sources */,
				21852DF01D966B7D00FE2A53 /* HighwayListViewController.swift in Sources */,
				21EFCCAB1DCF27D70051D224 /* PresentationAnimator.swift in Sources */,
				216A2BA51DE8A5FA0097DC83 /* PinRestStopAnnotation.swift in Sources */,
				21EFCCAD1DD0712D0051D224 /* DismissAnimator.swift in Sources */,
				2121E9A41DC6D0DB0057F4B0 /* UIImage+Resize.swift in Sources */,
				21C8E6231D7FD44A007F67E2 /* StateListViewController.swift in Sources */,
				21C8E63D1D8073A2007F67E2 /* CellWithImageView.swift in Sources */,
			);
			runOnlyForDeploymentPostprocessing = 0;
		};
/* End PBXSourcesBuildPhase section */

/* Begin PBXVariantGroup section */
		21C8E6261D7FD44A007F67E2 /* Main.storyboard */ = {
			isa = PBXVariantGroup;
			children = (
				21C8E6271D7FD44A007F67E2 /* Base */,
			);
			name = Main.storyboard;
			sourceTree = "<group>";
		};
		21C8E62B1D7FD44A007F67E2 /* LaunchScreen.storyboard */ = {
			isa = PBXVariantGroup;
			children = (
				21C8E62C1D7FD44A007F67E2 /* Base */,
			);
			name = LaunchScreen.storyboard;
			sourceTree = "<group>";
		};
/* End PBXVariantGroup section */

/* Begin XCBuildConfiguration section */
		21C8E62F1D7FD44A007F67E2 /* Debug */ = {
			isa = XCBuildConfiguration;
			buildSettings = {
				ALWAYS_SEARCH_USER_PATHS = NO;
				CLANG_ANALYZER_NONNULL = YES;
				CLANG_CXX_LANGUAGE_STANDARD = "gnu++0x";
				CLANG_CXX_LIBRARY = "libc++";
				CLANG_ENABLE_MODULES = YES;
				CLANG_ENABLE_OBJC_ARC = YES;
				CLANG_WARN_BOOL_CONVERSION = YES;
				CLANG_WARN_CONSTANT_CONVERSION = YES;
				CLANG_WARN_DIRECT_OBJC_ISA_USAGE = YES_ERROR;
				CLANG_WARN_EMPTY_BODY = YES;
				CLANG_WARN_ENUM_CONVERSION = YES;
				CLANG_WARN_INFINITE_RECURSION = YES;
				CLANG_WARN_INT_CONVERSION = YES;
				CLANG_WARN_OBJC_ROOT_CLASS = YES_ERROR;
				CLANG_WARN_SUSPICIOUS_MOVE = YES;
				CLANG_WARN_UNREACHABLE_CODE = YES;
				CLANG_WARN__DUPLICATE_METHOD_MATCH = YES;
				"CODE_SIGN_IDENTITY[sdk=iphoneos*]" = "iPhone Developer";
				COPY_PHASE_STRIP = NO;
				DEBUG_INFORMATION_FORMAT = dwarf;
				ENABLE_STRICT_OBJC_MSGSEND = YES;
				ENABLE_TESTABILITY = YES;
				GCC_C_LANGUAGE_STANDARD = gnu99;
				GCC_DYNAMIC_NO_PIC = NO;
				GCC_NO_COMMON_BLOCKS = YES;
				GCC_OPTIMIZATION_LEVEL = 0;
				GCC_PREPROCESSOR_DEFINITIONS = (
					"DEBUG=1",
					"$(inherited)",
				);
				GCC_WARN_64_TO_32_BIT_CONVERSION = YES;
				GCC_WARN_ABOUT_RETURN_TYPE = YES_ERROR;
				GCC_WARN_UNDECLARED_SELECTOR = YES;
				GCC_WARN_UNINITIALIZED_AUTOS = YES_AGGRESSIVE;
				GCC_WARN_UNUSED_FUNCTION = YES;
				GCC_WARN_UNUSED_VARIABLE = YES;
				IPHONEOS_DEPLOYMENT_TARGET = 9.3;
				MTL_ENABLE_DEBUG_INFO = YES;
				ONLY_ACTIVE_ARCH = YES;
				SDKROOT = iphoneos;
				SWIFT_OPTIMIZATION_LEVEL = "-Onone";
			};
			name = Debug;
		};
		21C8E6301D7FD44A007F67E2 /* Release */ = {
			isa = XCBuildConfiguration;
			buildSettings = {
				ALWAYS_SEARCH_USER_PATHS = NO;
				CLANG_ANALYZER_NONNULL = YES;
				CLANG_CXX_LANGUAGE_STANDARD = "gnu++0x";
				CLANG_CXX_LIBRARY = "libc++";
				CLANG_ENABLE_MODULES = YES;
				CLANG_ENABLE_OBJC_ARC = YES;
				CLANG_WARN_BOOL_CONVERSION = YES;
				CLANG_WARN_CONSTANT_CONVERSION = YES;
				CLANG_WARN_DIRECT_OBJC_ISA_USAGE = YES_ERROR;
				CLANG_WARN_EMPTY_BODY = YES;
				CLANG_WARN_ENUM_CONVERSION = YES;
				CLANG_WARN_INFINITE_RECURSION = YES;
				CLANG_WARN_INT_CONVERSION = YES;
				CLANG_WARN_OBJC_ROOT_CLASS = YES_ERROR;
				CLANG_WARN_SUSPICIOUS_MOVE = YES;
				CLANG_WARN_UNREACHABLE_CODE = YES;
				CLANG_WARN__DUPLICATE_METHOD_MATCH = YES;
				"CODE_SIGN_IDENTITY[sdk=iphoneos*]" = "iPhone Developer";
				COPY_PHASE_STRIP = NO;
				DEBUG_INFORMATION_FORMAT = "dwarf-with-dsym";
				ENABLE_NS_ASSERTIONS = NO;
				ENABLE_STRICT_OBJC_MSGSEND = YES;
				GCC_C_LANGUAGE_STANDARD = gnu99;
				GCC_NO_COMMON_BLOCKS = YES;
				GCC_WARN_64_TO_32_BIT_CONVERSION = YES;
				GCC_WARN_ABOUT_RETURN_TYPE = YES_ERROR;
				GCC_WARN_UNDECLARED_SELECTOR = YES;
				GCC_WARN_UNINITIALIZED_AUTOS = YES_AGGRESSIVE;
				GCC_WARN_UNUSED_FUNCTION = YES;
				GCC_WARN_UNUSED_VARIABLE = YES;
				IPHONEOS_DEPLOYMENT_TARGET = 9.3;
				MTL_ENABLE_DEBUG_INFO = NO;
				SDKROOT = iphoneos;
				SWIFT_OPTIMIZATION_LEVEL = "-Owholemodule";
				VALIDATE_PRODUCT = YES;
			};
			name = Release;
		};
		21C8E6321D7FD44A007F67E2 /* Debug */ = {
			isa = XCBuildConfiguration;
			buildSettings = {
				ASSETCATALOG_COMPILER_APPICON_NAME = AppIcon;
				DEVELOPMENT_TEAM = 6G593VN7SW;
				ENABLE_BITCODE = YES;
				INFOPLIST_FILE = Roadster/Info.plist;
				IPHONEOS_DEPLOYMENT_TARGET = 10.0;
				LD_RUNPATH_SEARCH_PATHS = "$(inherited) @executable_path/Frameworks";
				PRODUCT_BUNDLE_IDENTIFIER = com.exampleaj.Roadster;
				PRODUCT_NAME = "$(TARGET_NAME)";
				SWIFT_VERSION = 3.0;
			};
			name = Debug;
		};
		21C8E6331D7FD44A007F67E2 /* Release */ = {
			isa = XCBuildConfiguration;
			buildSettings = {
				ASSETCATALOG_COMPILER_APPICON_NAME = AppIcon;
				DEVELOPMENT_TEAM = 6G593VN7SW;
				ENABLE_BITCODE = YES;
				INFOPLIST_FILE = Roadster/Info.plist;
				IPHONEOS_DEPLOYMENT_TARGET = 10.0;
				LD_RUNPATH_SEARCH_PATHS = "$(inherited) @executable_path/Frameworks";
				PRODUCT_BUNDLE_IDENTIFIER = com.exampleaj.Roadster;
				PRODUCT_NAME = "$(TARGET_NAME)";
				SWIFT_VERSION = 3.0;
			};
			name = Release;
		};
/* End XCBuildConfiguration section */

/* Begin XCConfigurationList section */
		21C8E6181D7FD44A007F67E2 /* Build configuration list for PBXProject "Roadster" */ = {
			isa = XCConfigurationList;
			buildConfigurations = (
				21C8E62F1D7FD44A007F67E2 /* Debug */,
				21C8E6301D7FD44A007F67E2 /* Release */,
			);
			defaultConfigurationIsVisible = 0;
			defaultConfigurationName = Release;
		};
		21C8E6311D7FD44A007F67E2 /* Build configuration list for PBXNativeTarget "Roadster" */ = {
			isa = XCConfigurationList;
			buildConfigurations = (
				21C8E6321D7FD44A007F67E2 /* Debug */,
				21C8E6331D7FD44A007F67E2 /* Release */,
			);
			defaultConfigurationIsVisible = 0;
			defaultConfigurationName = Release;
		};
/* End XCConfigurationList section */
	};
	rootObject = 21C8E6151D7FD44A007F67E2 /* Project object */;
}
